// !$*UTF8*$!
{
	archiveVersion = 1;
	classes = {
	};
	objectVersion = 50;
	objects = {

/* Begin PBXBuildFile section */
		0B61DE0E2296B72B001DC9C6 /* TextActivity.swift in Sources */ = {isa = PBXBuildFile; fileRef = 0B61DE0D2296B72B001DC9C6 /* TextActivity.swift */; };
		0B61DE102296BD39001DC9C6 /* TextViewController.swift in Sources */ = {isa = PBXBuildFile; fileRef = 0B61DE0F2296BD39001DC9C6 /* TextViewController.swift */; };
		0B61DE122296C076001DC9C6 /* TextActivityModel.swift in Sources */ = {isa = PBXBuildFile; fileRef = 0B61DE112296C076001DC9C6 /* TextActivityModel.swift */; };
		0BD794F82292D006004ACC83 /* SpriteKit.framework in Frameworks */ = {isa = PBXBuildFile; fileRef = 0BD794F72292D006004ACC83 /* SpriteKit.framework */; };
		0BE086A42294A4D100CC5438 /* PharmacyViewController.swift in Sources */ = {isa = PBXBuildFile; fileRef = 0BE086A32294A4D100CC5438 /* PharmacyViewController.swift */; };
		0BE120512291D39F0073EBA3 /* AppDelegate.swift in Sources */ = {isa = PBXBuildFile; fileRef = 0BE120502291D39F0073EBA3 /* AppDelegate.swift */; };
		0BE120562291D39F0073EBA3 /* Main.storyboard in Resources */ = {isa = PBXBuildFile; fileRef = 0BE120542291D39F0073EBA3 /* Main.storyboard */; };
		0BE120582291D3A10073EBA3 /* Assets.xcassets in Resources */ = {isa = PBXBuildFile; fileRef = 0BE120572291D3A10073EBA3 /* Assets.xcassets */; };
		0BE1205B2291D3A10073EBA3 /* LaunchScreen.storyboard in Resources */ = {isa = PBXBuildFile; fileRef = 0BE120592291D3A10073EBA3 /* LaunchScreen.storyboard */; };
		0BE153BE22947F70009085DE /* EngraverViewController.swift in Sources */ = {isa = PBXBuildFile; fileRef = 0BE153BD22947F70009085DE /* EngraverViewController.swift */; };
		0BE3737F2292C64400623A89 /* PubViewController.swift in Sources */ = {isa = PBXBuildFile; fileRef = 0BE3737E2292C64400623A89 /* PubViewController.swift */; };
		0BE38F11229234C700C95BDA /* ViewController.swift in Sources */ = {isa = PBXBuildFile; fileRef = 0BE120522291D39F0073EBA3 /* ViewController.swift */; };
		0BE38F1522923CE800C95BDA /* MapViewController.swift in Sources */ = {isa = PBXBuildFile; fileRef = 0BE38F1422923CE800C95BDA /* MapViewController.swift */; };
		0BE6443D2292EC19008E521F /* MapModel.swift in Sources */ = {isa = PBXBuildFile; fileRef = 0BE6443C2292EC19008E521F /* MapModel.swift */; };
		0BE80B0C2292F45800B8F341 /* Booth.swift in Sources */ = {isa = PBXBuildFile; fileRef = 0BE80B0B2292F45800B8F341 /* Booth.swift */; };
		0BF1B63422924736002627AB /* TutViewController.swift in Sources */ = {isa = PBXBuildFile; fileRef = 0BF1B63322924736002627AB /* TutViewController.swift */; };
		B300B23B2292F7BA009D37D1 /* UIKit.framework in Frameworks */ = {isa = PBXBuildFile; fileRef = B300B23A2292F7BA009D37D1 /* UIKit.framework */; };
		B32F973B2296E4E000B1396E /* MST.png in Resources */ = {isa = PBXBuildFile; fileRef = B32F973A2296E4E000B1396E /* MST.png */; };
		B36293952296C02C00D7EDAD /* HighResMap.png in Resources */ = {isa = PBXBuildFile; fileRef = B36293942296C02C00D7EDAD /* HighResMap.png */; };
		B36293972296CD2A00D7EDAD /* TexturedVWMap.png in Resources */ = {isa = PBXBuildFile; fileRef = B36293962296CD2A00D7EDAD /* TexturedVWMap.png */; };
		B36293992296D06E00D7EDAD /* TexturedVWMapTrans.png in Resources */ = {isa = PBXBuildFile; fileRef = B36293982296D06E00D7EDAD /* TexturedVWMapTrans.png */; };
		B371D34A2296EB5500F9F200 /* TextBar.png in Resources */ = {isa = PBXBuildFile; fileRef = B371D3492296EB5400F9F200 /* TextBar.png */; };
		B3EF8E262296B76C000D6A8A /* PubActivityScene.sks in Resources */ = {isa = PBXBuildFile; fileRef = B3EF8E232296B76C000D6A8A /* PubActivityScene.sks */; };
		B3EF8E272296B76C000D6A8A /* woodbg.jpg in Resources */ = {isa = PBXBuildFile; fileRef = B3EF8E242296B76C000D6A8A /* woodbg.jpg */; };
		B3EF8E292296B7F5000D6A8A /* PubActivityScene.swift in Sources */ = {isa = PBXBuildFile; fileRef = B3EF8E282296B7F5000D6A8A /* PubActivityScene.swift */; };
		B3EF8E2D2296B9FB000D6A8A /* lonMap.jpg in Resources */ = {isa = PBXBuildFile; fileRef = B3EF8E2C2296B9FB000D6A8A /* lonMap.jpg */; };
		B3EF8E2F2296BB91000D6A8A /* MoL Logo Proper.png in Resources */ = {isa = PBXBuildFile; fileRef = B3EF8E2E2296BB90000D6A8A /* MoL Logo Proper.png */; };
/* End PBXBuildFile section */

/* Begin PBXFileReference section */
		0B61DE0D2296B72B001DC9C6 /* TextActivity.swift */ = {isa = PBXFileReference; lastKnownFileType = sourcecode.swift; path = TextActivity.swift; sourceTree = "<group>"; };
		0B61DE0F2296BD39001DC9C6 /* TextViewController.swift */ = {isa = PBXFileReference; lastKnownFileType = sourcecode.swift; path = TextViewController.swift; sourceTree = "<group>"; };
		0B61DE112296C076001DC9C6 /* TextActivityModel.swift */ = {isa = PBXFileReference; lastKnownFileType = sourcecode.swift; path = TextActivityModel.swift; sourceTree = "<group>"; };
		0BD794F72292D006004ACC83 /* SpriteKit.framework */ = {isa = PBXFileReference; lastKnownFileType = wrapper.framework; name = SpriteKit.framework; path = System/Library/Frameworks/SpriteKit.framework; sourceTree = SDKROOT; };
		0BE086A32294A4D100CC5438 /* PharmacyViewController.swift */ = {isa = PBXFileReference; lastKnownFileType = sourcecode.swift; path = PharmacyViewController.swift; sourceTree = "<group>"; };
		0BE1204D2291D39F0073EBA3 /* VictorianWalk.app */ = {isa = PBXFileReference; explicitFileType = wrapper.application; includeInIndex = 0; path = VictorianWalk.app; sourceTree = BUILT_PRODUCTS_DIR; };
		0BE120502291D39F0073EBA3 /* AppDelegate.swift */ = {isa = PBXFileReference; lastKnownFileType = sourcecode.swift; path = AppDelegate.swift; sourceTree = "<group>"; };
		0BE120522291D39F0073EBA3 /* ViewController.swift */ = {isa = PBXFileReference; lastKnownFileType = sourcecode.swift; path = ViewController.swift; sourceTree = "<group>"; };
		0BE120552291D39F0073EBA3 /* Base */ = {isa = PBXFileReference; lastKnownFileType = file.storyboard; name = Base; path = Base.lproj/Main.storyboard; sourceTree = "<group>"; };
		0BE120572291D3A10073EBA3 /* Assets.xcassets */ = {isa = PBXFileReference; lastKnownFileType = folder.assetcatalog; path = Assets.xcassets; sourceTree = "<group>"; };
		0BE1205A2291D3A10073EBA3 /* Base */ = {isa = PBXFileReference; lastKnownFileType = file.storyboard; name = Base; path = Base.lproj/LaunchScreen.storyboard; sourceTree = "<group>"; };
		0BE1205C2291D3A10073EBA3 /* Info.plist */ = {isa = PBXFileReference; lastKnownFileType = text.plist.xml; path = Info.plist; sourceTree = "<group>"; };
		0BE153BD22947F70009085DE /* EngraverViewController.swift */ = {isa = PBXFileReference; lastKnownFileType = sourcecode.swift; path = EngraverViewController.swift; sourceTree = "<group>"; };
		0BE3737E2292C64400623A89 /* PubViewController.swift */ = {isa = PBXFileReference; lastKnownFileType = sourcecode.swift; path = PubViewController.swift; sourceTree = "<group>"; };
		0BE38F1422923CE800C95BDA /* MapViewController.swift */ = {isa = PBXFileReference; lastKnownFileType = sourcecode.swift; path = MapViewController.swift; sourceTree = "<group>"; };
		0BE6443C2292EC19008E521F /* MapModel.swift */ = {isa = PBXFileReference; lastKnownFileType = sourcecode.swift; path = MapModel.swift; sourceTree = "<group>"; };
		0BE80B0B2292F45800B8F341 /* Booth.swift */ = {isa = PBXFileReference; lastKnownFileType = sourcecode.swift; path = Booth.swift; sourceTree = "<group>"; };
		0BF1B63322924736002627AB /* TutViewController.swift */ = {isa = PBXFileReference; lastKnownFileType = sourcecode.swift; path = TutViewController.swift; sourceTree = "<group>"; };
		B300B23A2292F7BA009D37D1 /* UIKit.framework */ = {isa = PBXFileReference; lastKnownFileType = wrapper.framework; name = UIKit.framework; path = System/Library/Frameworks/UIKit.framework; sourceTree = SDKROOT; };
		B32F973A2296E4E000B1396E /* MST.png */ = {isa = PBXFileReference; lastKnownFileType = image.png; path = MST.png; sourceTree = "<group>"; };
		B36293942296C02C00D7EDAD /* HighResMap.png */ = {isa = PBXFileReference; lastKnownFileType = image.png; path = HighResMap.png; sourceTree = "<group>"; };
		B36293962296CD2A00D7EDAD /* TexturedVWMap.png */ = {isa = PBXFileReference; lastKnownFileType = image.png; path = TexturedVWMap.png; sourceTree = "<group>"; };
		B36293982296D06E00D7EDAD /* TexturedVWMapTrans.png */ = {isa = PBXFileReference; lastKnownFileType = image.png; path = TexturedVWMapTrans.png; sourceTree = "<group>"; };
		B371D3492296EB5400F9F200 /* TextBar.png */ = {isa = PBXFileReference; lastKnownFileType = image.png; path = TextBar.png; sourceTree = "<group>"; };
		B3EF8E232296B76C000D6A8A /* PubActivityScene.sks */ = {isa = PBXFileReference; lastKnownFileType = file.sks; path = PubActivityScene.sks; sourceTree = "<group>"; };
		B3EF8E242296B76C000D6A8A /* woodbg.jpg */ = {isa = PBXFileReference; lastKnownFileType = image.jpeg; path = woodbg.jpg; sourceTree = "<group>"; };
		B3EF8E282296B7F5000D6A8A /* PubActivityScene.swift */ = {isa = PBXFileReference; fileEncoding = 4; lastKnownFileType = sourcecode.swift; path = PubActivityScene.swift; sourceTree = "<group>"; };
		B3EF8E2C2296B9FB000D6A8A /* lonMap.jpg */ = {isa = PBXFileReference; lastKnownFileType = image.jpeg; path = lonMap.jpg; sourceTree = "<group>"; };
		B3EF8E2E2296BB90000D6A8A /* MoL Logo Proper.png */ = {isa = PBXFileReference; lastKnownFileType = image.png; path = "MoL Logo Proper.png"; sourceTree = "<group>"; };
/* End PBXFileReference section */

/* Begin PBXFrameworksBuildPhase section */
		0BE1204A2291D39F0073EBA3 /* Frameworks */ = {
			isa = PBXFrameworksBuildPhase;
			buildActionMask = 2147483647;
			files = (
				B300B23B2292F7BA009D37D1 /* UIKit.framework in Frameworks */,
				0BD794F82292D006004ACC83 /* SpriteKit.framework in Frameworks */,
			);
			runOnlyForDeploymentPostprocessing = 0;
		};
/* End PBXFrameworksBuildPhase section */

/* Begin PBXGroup section */
		0BD794F62292D006004ACC83 /* Frameworks */ = {
			isa = PBXGroup;
			children = (
				B300B23A2292F7BA009D37D1 /* UIKit.framework */,
				0BD794F72292D006004ACC83 /* SpriteKit.framework */,
			);
			name = Frameworks;
			sourceTree = "<group>";
		};
		0BE120442291D39F0073EBA3 = {
			isa = PBXGroup;
			children = (
				B36293982296D06E00D7EDAD /* TexturedVWMapTrans.png */,
				B36293962296CD2A00D7EDAD /* TexturedVWMap.png */,
				0BE1204F2291D39F0073EBA3 /* VictorianWalk */,
				0BE1204E2291D39F0073EBA3 /* Products */,
				0BD794F62292D006004ACC83 /* Frameworks */,
			);
			sourceTree = "<group>";
		};
		0BE1204E2291D39F0073EBA3 /* Products */ = {
			isa = PBXGroup;
			children = (
				0BE1204D2291D39F0073EBA3 /* VictorianWalk.app */,
			);
			name = Products;
			sourceTree = "<group>";
		};
		0BE1204F2291D39F0073EBA3 /* VictorianWalk */ = {
			isa = PBXGroup;
			children = (
				B371D3492296EB5400F9F200 /* TextBar.png */,
				B32F973A2296E4E000B1396E /* MST.png */,
				B36293942296C02C00D7EDAD /* HighResMap.png */,
				B3EF8E2E2296BB90000D6A8A /* MoL Logo Proper.png */,
				B3EF8E2C2296B9FB000D6A8A /* lonMap.jpg */,
				B3EF8E282296B7F5000D6A8A /* PubActivityScene.swift */,
				B3EF8E232296B76C000D6A8A /* PubActivityScene.sks */,
				B3EF8E242296B76C000D6A8A /* woodbg.jpg */,
				0BF1B63322924736002627AB /* TutViewController.swift */,
				0BE120502291D39F0073EBA3 /* AppDelegate.swift */,
				0BE120522291D39F0073EBA3 /* ViewController.swift */,
				0BE120542291D39F0073EBA3 /* Main.storyboard */,
				0BE120572291D3A10073EBA3 /* Assets.xcassets */,
				0BE120592291D3A10073EBA3 /* LaunchScreen.storyboard */,
				0BE1205C2291D3A10073EBA3 /* Info.plist */,
				0BE38F1422923CE800C95BDA /* MapViewController.swift */,
				0BE3737E2292C64400623A89 /* PubViewController.swift */,
				0BE6443C2292EC19008E521F /* MapModel.swift */,
				0BE80B0B2292F45800B8F341 /* Booth.swift */,
				0BE153BD22947F70009085DE /* EngraverViewController.swift */,
				0BE086A32294A4D100CC5438 /* PharmacyViewController.swift */,
				0B61DE0D2296B72B001DC9C6 /* TextActivity.swift */,
				0B61DE0F2296BD39001DC9C6 /* TextViewController.swift */,
				0B61DE112296C076001DC9C6 /* TextActivityModel.swift */,
			);
			path = VictorianWalk;
			sourceTree = "<group>";
		};
/* End PBXGroup section */

/* Begin PBXNativeTarget section */
		0BE1204C2291D39F0073EBA3 /* VictorianWalk */ = {
			isa = PBXNativeTarget;
			buildConfigurationList = 0BE1205F2291D3A10073EBA3 /* Build configuration list for PBXNativeTarget "VictorianWalk" */;
			buildPhases = (
				0BE120492291D39F0073EBA3 /* Sources */,
				0BE1204A2291D39F0073EBA3 /* Frameworks */,
				0BE1204B2291D39F0073EBA3 /* Resources */,
			);
			buildRules = (
			);
			dependencies = (
			);
			name = VictorianWalk;
			productName = VictorianWalk;
			productReference = 0BE1204D2291D39F0073EBA3 /* VictorianWalk.app */;
			productType = "com.apple.product-type.application";
		};
/* End PBXNativeTarget section */

/* Begin PBXProject section */
		0BE120452291D39F0073EBA3 /* Project object */ = {
			isa = PBXProject;
			attributes = {
				LastSwiftUpdateCheck = 1020;
				LastUpgradeCheck = 1020;
				ORGANIZATIONNAME = "Daniel McDonough";
				TargetAttributes = {
					0BE1204C2291D39F0073EBA3 = {
						CreatedOnToolsVersion = 10.2;
					};
				};
			};
			buildConfigurationList = 0BE120482291D39F0073EBA3 /* Build configuration list for PBXProject "VictorianWalk" */;
			compatibilityVersion = "Xcode 9.3";
			developmentRegion = en;
			hasScannedForEncodings = 0;
			knownRegions = (
				en,
				Base,
			);
			mainGroup = 0BE120442291D39F0073EBA3;
			productRefGroup = 0BE1204E2291D39F0073EBA3 /* Products */;
			projectDirPath = "";
			projectRoot = "";
			targets = (
				0BE1204C2291D39F0073EBA3 /* VictorianWalk */,
			);
		};
/* End PBXProject section */

/* Begin PBXResourcesBuildPhase section */
		0BE1204B2291D39F0073EBA3 /* Resources */ = {
			isa = PBXResourcesBuildPhase;
			buildActionMask = 2147483647;
			files = (
				B3EF8E2D2296B9FB000D6A8A /* lonMap.jpg in Resources */,
				B32F973B2296E4E000B1396E /* MST.png in Resources */,
				B36293952296C02C00D7EDAD /* HighResMap.png in Resources */,
				0BE1205B2291D3A10073EBA3 /* LaunchScreen.storyboard in Resources */,
				B371D34A2296EB5500F9F200 /* TextBar.png in Resources */,
				B3EF8E262296B76C000D6A8A /* PubActivityScene.sks in Resources */,
				B3EF8E2F2296BB91000D6A8A /* MoL Logo Proper.png in Resources */,
				B36293992296D06E00D7EDAD /* TexturedVWMapTrans.png in Resources */,
				B36293972296CD2A00D7EDAD /* TexturedVWMap.png in Resources */,
				0BE120582291D3A10073EBA3 /* Assets.xcassets in Resources */,
				0BE120562291D39F0073EBA3 /* Main.storyboard in Resources */,
				B3EF8E272296B76C000D6A8A /* woodbg.jpg in Resources */,
			);
			runOnlyForDeploymentPostprocessing = 0;
		};
/* End PBXResourcesBuildPhase section */

/* Begin PBXSourcesBuildPhase section */
		0BE120492291D39F0073EBA3 /* Sources */ = {
			isa = PBXSourcesBuildPhase;
			buildActionMask = 2147483647;
			files = (
				0B61DE0E2296B72B001DC9C6 /* TextActivity.swift in Sources */,
				0BE38F11229234C700C95BDA /* ViewController.swift in Sources */,
				B3EF8E292296B7F5000D6A8A /* PubActivityScene.swift in Sources */,
				0BE086A42294A4D100CC5438 /* PharmacyViewController.swift in Sources */,
				0BE120512291D39F0073EBA3 /* AppDelegate.swift in Sources */,
				0BF1B63422924736002627AB /* TutViewController.swift in Sources */,
				0BE80B0C2292F45800B8F341 /* Booth.swift in Sources */,
				0BE38F1522923CE800C95BDA /* MapViewController.swift in Sources */,
				0BE6443D2292EC19008E521F /* MapModel.swift in Sources */,
				0BE153BE22947F70009085DE /* EngraverViewController.swift in Sources */,
				0BE3737F2292C64400623A89 /* PubViewController.swift in Sources */,
				0B61DE102296BD39001DC9C6 /* TextViewController.swift in Sources */,
				0B61DE122296C076001DC9C6 /* TextActivityModel.swift in Sources */,
			);
			runOnlyForDeploymentPostprocessing = 0;
		};
/* End PBXSourcesBuildPhase section */

/* Begin PBXVariantGroup section */
		0BE120542291D39F0073EBA3 /* Main.storyboard */ = {
			isa = PBXVariantGroup;
			children = (
				0BE120552291D39F0073EBA3 /* Base */,
			);
			name = Main.storyboard;
			sourceTree = "<group>";
		};
		0BE120592291D3A10073EBA3 /* LaunchScreen.storyboard */ = {
			isa = PBXVariantGroup;
			children = (
				0BE1205A2291D3A10073EBA3 /* Base */,
			);
			name = LaunchScreen.storyboard;
			sourceTree = "<group>";
		};
/* End PBXVariantGroup section */

/* Begin XCBuildConfiguration section */
		0BE1205D2291D3A10073EBA3 /* Debug */ = {
			isa = XCBuildConfiguration;
			buildSettings = {
				ALWAYS_SEARCH_USER_PATHS = NO;
				CLANG_ANALYZER_NONNULL = YES;
				CLANG_ANALYZER_NUMBER_OBJECT_CONVERSION = YES_AGGRESSIVE;
				CLANG_CXX_LANGUAGE_STANDARD = "gnu++14";
				CLANG_CXX_LIBRARY = "libc++";
				CLANG_ENABLE_MODULES = YES;
				CLANG_ENABLE_OBJC_ARC = YES;
				CLANG_ENABLE_OBJC_WEAK = YES;
				CLANG_WARN_BLOCK_CAPTURE_AUTORELEASING = YES;
				CLANG_WARN_BOOL_CONVERSION = YES;
				CLANG_WARN_COMMA = YES;
				CLANG_WARN_CONSTANT_CONVERSION = YES;
				CLANG_WARN_DEPRECATED_OBJC_IMPLEMENTATIONS = YES;
				CLANG_WARN_DIRECT_OBJC_ISA_USAGE = YES_ERROR;
				CLANG_WARN_DOCUMENTATION_COMMENTS = YES;
				CLANG_WARN_EMPTY_BODY = YES;
				CLANG_WARN_ENUM_CONVERSION = YES;
				CLANG_WARN_INFINITE_RECURSION = YES;
				CLANG_WARN_INT_CONVERSION = YES;
				CLANG_WARN_NON_LITERAL_NULL_CONVERSION = YES;
				CLANG_WARN_OBJC_IMPLICIT_RETAIN_SELF = YES;
				CLANG_WARN_OBJC_LITERAL_CONVERSION = YES;
				CLANG_WARN_OBJC_ROOT_CLASS = YES_ERROR;
				CLANG_WARN_RANGE_LOOP_ANALYSIS = YES;
				CLANG_WARN_STRICT_PROTOTYPES = YES;
				CLANG_WARN_SUSPICIOUS_MOVE = YES;
				CLANG_WARN_UNGUARDED_AVAILABILITY = YES_AGGRESSIVE;
				CLANG_WARN_UNREACHABLE_CODE = YES;
				CLANG_WARN__DUPLICATE_METHOD_MATCH = YES;
				CODE_SIGN_IDENTITY = "iPhone Developer";
				COPY_PHASE_STRIP = NO;
				DEBUG_INFORMATION_FORMAT = dwarf;
				ENABLE_STRICT_OBJC_MSGSEND = YES;
				ENABLE_TESTABILITY = YES;
				GCC_C_LANGUAGE_STANDARD = gnu11;
				GCC_DYNAMIC_NO_PIC = NO;
				GCC_NO_COMMON_BLOCKS = YES;
				GCC_OPTIMIZATION_LEVEL = 0;
				GCC_PREPROCESSOR_DEFINITIONS = (
					"DEBUG=1",
					"$(inherited)",
				);
				GCC_WARN_64_TO_32_BIT_CONVERSION = YES;
				GCC_WARN_ABOUT_RETURN_TYPE = YES_ERROR;
				GCC_WARN_UNDECLARED_SELECTOR = YES;
				GCC_WARN_UNINITIALIZED_AUTOS = YES_AGGRESSIVE;
				GCC_WARN_UNUSED_FUNCTION = YES;
				GCC_WARN_UNUSED_VARIABLE = YES;
				IPHONEOS_DEPLOYMENT_TARGET = 12.2;
				MTL_ENABLE_DEBUG_INFO = INCLUDE_SOURCE;
				MTL_FAST_MATH = YES;
				ONLY_ACTIVE_ARCH = YES;
				SDKROOT = iphoneos;
				SWIFT_ACTIVE_COMPILATION_CONDITIONS = DEBUG;
				SWIFT_OPTIMIZATION_LEVEL = "-Onone";
			};
			name = Debug;
		};
		0BE1205E2291D3A10073EBA3 /* Release */ = {
			isa = XCBuildConfiguration;
			buildSettings = {
				ALWAYS_SEARCH_USER_PATHS = NO;
				CLANG_ANALYZER_NONNULL = YES;
				CLANG_ANALYZER_NUMBER_OBJECT_CONVERSION = YES_AGGRESSIVE;
				CLANG_CXX_LANGUAGE_STANDARD = "gnu++14";
				CLANG_CXX_LIBRARY = "libc++";
				CLANG_ENABLE_MODULES = YES;
				CLANG_ENABLE_OBJC_ARC = YES;
				CLANG_ENABLE_OBJC_WEAK = YES;
				CLANG_WARN_BLOCK_CAPTURE_AUTORELEASING = YES;
				CLANG_WARN_BOOL_CONVERSION = YES;
				CLANG_WARN_COMMA = YES;
				CLANG_WARN_CONSTANT_CONVERSION = YES;
				CLANG_WARN_DEPRECATED_OBJC_IMPLEMENTATIONS = YES;
				CLANG_WARN_DIRECT_OBJC_ISA_USAGE = YES_ERROR;
				CLANG_WARN_DOCUMENTATION_COMMENTS = YES;
				CLANG_WARN_EMPTY_BODY = YES;
				CLANG_WARN_ENUM_CONVERSION = YES;
				CLANG_WARN_INFINITE_RECURSION = YES;
				CLANG_WARN_INT_CONVERSION = YES;
				CLANG_WARN_NON_LITERAL_NULL_CONVERSION = YES;
				CLANG_WARN_OBJC_IMPLICIT_RETAIN_SELF = YES;
				CLANG_WARN_OBJC_LITERAL_CONVERSION = YES;
				CLANG_WARN_OBJC_ROOT_CLASS = YES_ERROR;
				CLANG_WARN_RANGE_LOOP_ANALYSIS = YES;
				CLANG_WARN_STRICT_PROTOTYPES = YES;
				CLANG_WARN_SUSPICIOUS_MOVE = YES;
				CLANG_WARN_UNGUARDED_AVAILABILITY = YES_AGGRESSIVE;
				CLANG_WARN_UNREACHABLE_CODE = YES;
				CLANG_WARN__DUPLICATE_METHOD_MATCH = YES;
				CODE_SIGN_IDENTITY = "iPhone Developer";
				COPY_PHASE_STRIP = NO;
				DEBUG_INFORMATION_FORMAT = "dwarf-with-dsym";
				ENABLE_NS_ASSERTIONS = NO;
				ENABLE_STRICT_OBJC_MSGSEND = YES;
				GCC_C_LANGUAGE_STANDARD = gnu11;
				GCC_NO_COMMON_BLOCKS = YES;
				GCC_WARN_64_TO_32_BIT_CONVERSION = YES;
				GCC_WARN_ABOUT_RETURN_TYPE = YES_ERROR;
				GCC_WARN_UNDECLARED_SELECTOR = YES;
				GCC_WARN_UNINITIALIZED_AUTOS = YES_AGGRESSIVE;
				GCC_WARN_UNUSED_FUNCTION = YES;
				GCC_WARN_UNUSED_VARIABLE = YES;
				IPHONEOS_DEPLOYMENT_TARGET = 12.2;
				MTL_ENABLE_DEBUG_INFO = NO;
				MTL_FAST_MATH = YES;
				SDKROOT = iphoneos;
				SWIFT_COMPILATION_MODE = wholemodule;
				SWIFT_OPTIMIZATION_LEVEL = "-O";
				VALIDATE_PRODUCT = YES;
			};
			name = Release;
		};
		0BE120602291D3A10073EBA3 /* Debug */ = {
			isa = XCBuildConfiguration;
			buildSettings = {
				ASSETCATALOG_COMPILER_APPICON_NAME = AppIcon;
				CODE_SIGN_STYLE = Automatic;
				DEVELOPMENT_TEAM = 2HYADKL9FB;
				INFOPLIST_FILE = VictorianWalk/Info.plist;
				LD_RUNPATH_SEARCH_PATHS = (
					"$(inherited)",
					"@executable_path/Frameworks",
				);
				PRODUCT_BUNDLE_IDENTIFIER = victorianWalkMoL;
				PRODUCT_NAME = "$(TARGET_NAME)";
				SWIFT_VERSION = 5.0;
				TARGETED_DEVICE_FAMILY = "1,2";
			};
			name = Debug;
		};
		0BE120612291D3A10073EBA3 /* Release */ = {
			isa = XCBuildConfiguration;
			buildSettings = {
				ASSETCATALOG_COMPILER_APPICON_NAME = AppIcon;
				CODE_SIGN_STYLE = Automatic;
				DEVELOPMENT_TEAM = 2HYADKL9FB;
				INFOPLIST_FILE = VictorianWalk/Info.plist;
				LD_RUNPATH_SEARCH_PATHS = (
					"$(inherited)",
					"@executable_path/Frameworks",
				);
				PRODUCT_BUNDLE_IDENTIFIER = victorianWalkMoL;
				PRODUCT_NAME = "$(TARGET_NAME)";
				SWIFT_VERSION = 5.0;
				TARGETED_DEVICE_FAMILY = "1,2";
			};
			name = Release;
		};
/* End XCBuildConfiguration section */

/* Begin XCConfigurationList section */
		0BE120482291D39F0073EBA3 /* Build configuration list for PBXProject "VictorianWalk" */ = {
			isa = XCConfigurationList;
			buildConfigurations = (
				0BE1205D2291D3A10073EBA3 /* Debug */,
				0BE1205E2291D3A10073EBA3 /* Release */,
			);
			defaultConfigurationIsVisible = 0;
			defaultConfigurationName = Release;
		};
		0BE1205F2291D3A10073EBA3 /* Build configuration list for PBXNativeTarget "VictorianWalk" */ = {
			isa = XCConfigurationList;
			buildConfigurations = (
				0BE120602291D3A10073EBA3 /* Debug */,
				0BE120612291D3A10073EBA3 /* Release */,
			);
			defaultConfigurationIsVisible = 0;
			defaultConfigurationName = Release;
		};
/* End XCConfigurationList section */
	};
	rootObject = 0BE120452291D39F0073EBA3 /* Project object */;
}
